
Microsoft Visual Studio Solution File, Format Version 12.00
# Visual Studio Version 17
VisualStudioVersion = 17.12.35527.113
MinimumVisualStudioVersion = 10.0.40219.1
Project("{FAE04EC0-301F-11D3-BF4B-00C04F79EFBC}") = "PluralsightShopping", "PluralsightShopping\PluralsightShopping.csproj", "{D0211BC6-BE5B-409F-89C5-A935C1733A53}"
EndProject
Project("{FAE04EC0-301F-11D3-BF4B-00C04F79EFBC}") = "PluralsightShopping.API", "PluralsightShopping.API\PluralsightShopping.API.csproj", "{F401840D-A434-4653-8C35-7FD4E36C3673}"
EndProject
Project("{FAE04EC0-301F-11D3-BF4B-00C04F79EFBC}") = "PluralsightShopping.Shared", "PluralsightShopping.Shared\PluralsightShopping.Shared.csproj", "{CFCA8550-0BB5-4FB2-B160-428324F26BC7}"
EndProject
Global
	GlobalSection(SolutionConfigurationPlatforms) = preSolution
		Debug|Any CPU = Debug|Any CPU
		Release|Any CPU = Release|Any CPU
	EndGlobalSection
	GlobalSection(ProjectConfigurationPlatforms) = postSolution
		{D0211BC6-BE5B-409F-89C5-A935C1733A53}.Debug|Any CPU.ActiveCfg = Debug|Any CPU
		{D0211BC6-BE5B-409F-89C5-A935C1733A53}.Debug|Any CPU.Build.0 = Debug|Any CPU
		{D0211BC6-BE5B-409F-89C5-A935C1733A53}.Release|Any CPU.ActiveCfg = Release|Any CPU
		{D0211BC6-BE5B-409F-89C5-A935C1733A53}.Release|Any CPU.Build.0 = Release|Any CPU
		{F401840D-A434-4653-8C35-7FD4E36C3673}.Debug|Any CPU.ActiveCfg = Debug|Any CPU
		{F401840D-A434-4653-8C35-7FD4E36C3673}.Debug|Any CPU.Build.0 = Debug|Any CPU
		{F401840D-A434-4653-8C35-7FD4E36C3673}.Release|Any CPU.ActiveCfg = Release|Any CPU
		{F401840D-A434-4653-8C35-7FD4E36C3673}.Release|Any CPU.Build.0 = Release|Any CPU
		{CFCA8550-0BB5-4FB2-B160-428324F26BC7}.Debug|Any CPU.ActiveCfg = Debug|Any CPU
		{CFCA8550-0BB5-4FB2-B160-428324F26BC7}.Debug|Any CPU.Build.0 = Debug|Any CPU
		{CFCA8550-0BB5-4FB2-B160-428324F26BC7}.Release|Any CPU.ActiveCfg = Release|Any CPU
		{CFCA8550-0BB5-4FB2-B160-428324F26BC7}.Release|Any CPU.Build.0 = Release|Any CPU
	EndGlobalSection
	GlobalSection(SolutionProperties) = preSolution
		HideSolutionNode = FALSE
	EndGlobalSection
EndGlobal
